<?xml version="1.0" encoding="utf-8"?>
<Project ToolsVersion="4.0" xmlns="http://schemas.microsoft.com/developer/msbuild/2003">
  <ItemGroup>
    <Filter Include="Source Files">
      <UniqueIdentifier>{4FC737F1-C7A5-4376-A066-2A32D752A2FF}</UniqueIdentifier>
      <Extensions>cpp;c;cc;cxx;def;odl;idl;hpj;bat;asm;asmx</Extensions>
    </Filter>
    <Filter Include="Header Files">
      <UniqueIdentifier>{93995380-89BD-4b04-88EB-625FBE52EBFB}</UniqueIdentifier>
      <Extensions>h;hh;hpp;hxx;hm;inl;inc;xsd</Extensions>
    </Filter>
    <Filter Include="Resource Files">
      <UniqueIdentifier>{67DA6AB6-F800-4c08-8B7A-83BB121AAD01}</UniqueIdentifier>
      <Extensions>rc;ico;cur;bmp;dlg;rc2;rct;bin;rgs;gif;jpg;jpeg;jpe;resx;tiff;tif;png;wav;mfcribbon-ms</Extensions>
    </Filter>
  </ItemGroup>
  <ItemGroup>
    <ClInclude Include="BasicOscillator.h">
      <Filter>Header Files</Filter>
    </ClInclude>
    <ClInclude Include="MinimalParameter.h">
      <Filter>Header Files</Filter>
    </ClInclude>
    <ClInclude Include="BasicFilter.h">
      <Filter>Header Files</Filter>
    </ClInclude>
    <ClInclude Include="Flanger.h">
      <Filter>Header Files</Filter>
    </ClInclude>
    <ClInclude Include="WaveSynth.h">
      <Filter>Header Files</Filter>
    </ClInclude>
    <ClInclude Include="MS20Filter.h">
      <Filter>Source Files</Filter>
    </ClInclude>
    <ClInclude Include="EditorGui.h">
      <Filter>Header Files</Filter>
    </ClInclude>
    <ClInclude Include="resource.h">
      <Filter>Header Files</Filter>
    </ClInclude>
    <ClInclude Include="BasicDelay.h">
      <Filter>Header Files</Filter>
    </ClInclude>
    <ClInclude Include="WaveSynthConsts.h">
      <Filter>Header Files</Filter>
    </ClInclude>
    <ClInclude Include="Saturation.h">
      <Filter>Header Files</Filter>
    </ClInclude>
    <ClInclude Include="BasicCompressor.h">
      <Filter>Header Files</Filter>
    </ClInclude>
    <ClInclude Include="strrpl.h">
      <Filter>Header Files</Filter>
    </ClInclude>
    <ClInclude Include="CChangeEvents.h">
      <Filter>Header Files</Filter>
    </ClInclude>
    <ClInclude Include="WaveSynthSettings.h">
      <Filter>Header Files</Filter>
    </ClInclude>
    <ClInclude Include="IniFileReader.h">
      <Filter>Header Files</Filter>
    </ClInclude>
    <ClInclude Include="MacroCache.h">
      <Filter>Header Files</Filter>
    </ClInclude>
    <ClInclude Include="WavePlayer.h">
      <Filter>Header Files</Filter>
    </ClInclude>
    <ClInclude Include="PredictableRandom.h">
      <Filter>Header Files</Filter>
    </ClInclude>
    <ClInclude Include="PresetLoader.h">
      <Filter>Header Files</Filter>
    </ClInclude>
    <ClInclude Include="ParamDto.h">
      <Filter>Header Files</Filter>
    </ClInclude>
    <ClInclude Include="Filter.h">
      <Filter>Header Files</Filter>
    </ClInclude>
    <ClInclude Include="..\..\..\js\SimpleScriptCompiler\SimpleScript.h">
      <Filter>Header Files</Filter>
    </ClInclude>
    <ClInclude Include="util.h">
      <Filter>Header Files</Filter>
    </ClInclude>
    <ClInclude Include="Plugins.h">
      <Filter>Header Files</Filter>
    </ClInclude>
    <ClInclude Include="ExternalPluginExecutor.h">
      <Filter>Header Files</Filter>
    </ClInclude>
  </ItemGroup>
  <ItemGroup>
    <ClCompile Include="BasicOscillator.cpp">
      <Filter>Source Files</Filter>
    </ClCompile>
    <ClCompile Include="MinimalParameter.cpp">
      <Filter>Source Files</Filter>
    </ClCompile>
    <ClCompile Include="BasicFilter.cpp">
      <Filter>Source Files</Filter>
    </ClCompile>
    <ClCompile Include="Flanger.cpp">
      <Filter>Source Files</Filter>
    </ClCompile>
    <ClCompile Include="WaveSynth.cpp">
      <Filter>Source Files</Filter>
    </ClCompile>
    <ClCompile Include="MS20Filter.cpp">
      <Filter>Source Files</Filter>
    </ClCompile>
    <ClCompile Include="EditorGui.cpp">
      <Filter>Source Files</Filter>
    </ClCompile>
    <ClCompile Include="BasicDelay.cpp">
      <Filter>Source Files</Filter>
    </ClCompile>
    <ClCompile Include="Saturation.cpp">
      <Filter>Source Files</Filter>
    </ClCompile>
    <ClCompile Include="BasicCompressor.cpp">
      <Filter>Source Files</Filter>
    </ClCompile>
    <ClCompile Include="strrpl.cpp">
      <Filter>Source Files</Filter>
    </ClCompile>
    <ClCompile Include="CChangeEvents.cpp">
      <Filter>Source Files</Filter>
    </ClCompile>
    <ClCompile Include="WaveSynthSettings.cpp">
      <Filter>Source Files</Filter>
    </ClCompile>
    <ClCompile Include="IniFileReader.cpp">
      <Filter>Source Files</Filter>
    </ClCompile>
    <ClCompile Include="MacroCache.cpp">
      <Filter>Source Files</Filter>
    </ClCompile>
    <ClCompile Include="WavePlayer.cpp">
      <Filter>Source Files</Filter>
    </ClCompile>
    <ClCompile Include="PredictableRandom.cpp">
      <Filter>Source Files</Filter>
    </ClCompile>
    <ClCompile Include="PresetLoader.cpp">
      <Filter>Source Files</Filter>
    </ClCompile>
    <ClCompile Include="..\..\fst\src\FstAudioEffect.cpp">
      <Filter>Source Files</Filter>
    </ClCompile>
    <ClCompile Include="..\..\fst\VSTGui\aeffguieditor.cpp">
      <Filter>Source Files</Filter>
    </ClCompile>
    <ClCompile Include="..\..\fst\VSTGui\vstcontrols.cpp">
      <Filter>Source Files</Filter>
    </ClCompile>
    <ClCompile Include="..\..\fst\VSTGui\vstgui.cpp">
      <Filter>Source Files</Filter>
    </ClCompile>
    <ClCompile Include="ExecutePlugin.cpp">
      <Filter>Source Files</Filter>
    </ClCompile>
  </ItemGroup>
  <ItemGroup>
    <Text Include="ReadMe.txt" />
  </ItemGroup>
  <ItemGroup>
    <ResourceCompile Include="app.rc">
      <Filter>Resource Files</Filter>
    </ResourceCompile>
    <ResourceCompile Include="WaveSynth.rc">
      <Filter>Resource Files</Filter>
    </ResourceCompile>
  </ItemGroup>
  <ItemGroup>
    <Image Include="app.ico">
      <Filter>Resource Files</Filter>
    </Image>
    <Image Include="..\..\..\..\..\..\Public\wavesynth\background.bmp">
      <Filter>Resource Files</Filter>
    </Image>
    <Image Include="..\..\..\..\..\..\Public\wavesynth\handle.bmp">
      <Filter>Resource Files</Filter>
    </Image>
    <Image Include="..\..\..\..\..\..\Public\wavesynth\background-distort.bmp">
      <Filter>Resource Files</Filter>
    </Image>
    <Image Include="..\..\..\..\..\..\Public\wavesynth\background-envelope.bmp">
      <Filter>Resource Files</Filter>
    </Image>
    <Image Include="..\..\..\..\..\..\Public\wavesynth\background-filter.bmp">
      <Filter>Resource Files</Filter>
    </Image>
    <Image Include="..\..\..\..\..\..\Public\wavesynth\background-level.bmp">
      <Filter>Resource Files</Filter>
    </Image>
    <Image Include="..\..\..\..\..\..\Public\wavesynth\background-lfo.bmp">
      <Filter>Resource Files</Filter>
    </Image>
    <Image Include="..\..\..\..\..\..\Public\wavesynth\background-modulation.bmp">
      <Filter>Resource Files</Filter>
    </Image>
    <Image Include="..\..\..\..\..\..\Public\wavesynth\background-pan.bmp">
      <Filter>Resource Files</Filter>
    </Image>
    <Image Include="..\..\..\..\..\..\Public\wavesynth\background-tuning.bmp">
      <Filter>Resource Files</Filter>
    </Image>
    <Image Include="..\..\..\..\..\..\Public\wavesynth\background-wave.bmp">
      <Filter>Resource Files</Filter>
    </Image>
    <Image Include="..\..\..\..\..\..\Public\wavesynth\background-blank-small.bmp">
      <Filter>Resource Files</Filter>
    </Image>
  </ItemGroup>
  <ItemGroup>
    <None Include="WAVESYNTH.def">
      <Filter>Source Files</Filter>
    </None>
  </ItemGroup>
</Project>